{
    "version": 3,
    "terraform_version": "0.11.13",
    "serial": 32,
    "lineage": "c92821af-866d-6852-4dfd-bbdb84a80383",
    "modules": [
        {
            "path": [
                "root"
            ],
            "outputs": {
                "iam_role_arn": {
                    "sensitive": false,
                    "type": "string",
                    "value": "arn:aws:iam::717376919092:role/describe-regions-for-ec2"
                },
                "iam_role_name": {
                    "sensitive": false,
                    "type": "string",
                    "value": "describe-regions-for-ec2"
                },
                "public_dns": {
                    "sensitive": false,
                    "type": "string",
                    "value": "ec2-13-230-8-194.ap-northeast-1.compute.amazonaws.com"
                }
            },
            "resources": {
                "aws_s3_bucket.alb_log": {
                    "type": "aws_s3_bucket",
                    "depends_on": [],
                    "primary": {
                        "id": "osamura-alb-log-pragmatic-terraform-on-aws",
                        "attributes": {
                            "acceleration_status": "",
                            "acl": "private",
                            "arn": "arn:aws:s3:::osamura-alb-log-pragmatic-terraform-on-aws",
                            "bucket": "osamura-alb-log-pragmatic-terraform-on-aws",
                            "bucket_domain_name": "osamura-alb-log-pragmatic-terraform-on-aws.s3.amazonaws.com",
                            "bucket_regional_domain_name": "osamura-alb-log-pragmatic-terraform-on-aws.s3.ap-northeast-1.amazonaws.com",
                            "cors_rule.#": "0",
                            "force_destroy": "false",
                            "hosted_zone_id": "Z2M4EHUR26P7ZW",
                            "id": "osamura-alb-log-pragmatic-terraform-on-aws",
                            "lifecycle_rule.#": "1",
                            "lifecycle_rule.0.abort_incomplete_multipart_upload_days": "0",
                            "lifecycle_rule.0.enabled": "true",
                            "lifecycle_rule.0.expiration.#": "1",
                            "lifecycle_rule.0.expiration.522001486.date": "",
                            "lifecycle_rule.0.expiration.522001486.days": "180",
                            "lifecycle_rule.0.expiration.522001486.expired_object_delete_marker": "false",
                            "lifecycle_rule.0.id": "tf-s3-lifecycle-20190508153954587400000001",
                            "lifecycle_rule.0.noncurrent_version_expiration.#": "0",
                            "lifecycle_rule.0.noncurrent_version_transition.#": "0",
                            "lifecycle_rule.0.prefix": "",
                            "lifecycle_rule.0.tags.%": "0",
                            "lifecycle_rule.0.transition.#": "0",
                            "logging.#": "0",
                            "object_lock_configuration.#": "0",
                            "region": "ap-northeast-1",
                            "replication_configuration.#": "0",
                            "request_payer": "BucketOwner",
                            "server_side_encryption_configuration.#": "0",
                            "tags.%": "0",
                            "versioning.#": "1",
                            "versioning.0.enabled": "false",
                            "versioning.0.mfa_delete": "false",
                            "website.#": "0"
                        },
                        "meta": {},
                        "tainted": false
                    },
                    "deposed": [],
                    "provider": "provider.aws"
                },
                "aws_s3_bucket.private": {
                    "type": "aws_s3_bucket",
                    "depends_on": [],
                    "primary": {
                        "id": "osamura-private-pragmatic-terraform-on-aws",
                        "attributes": {
                            "acceleration_status": "",
                            "acl": "private",
                            "arn": "arn:aws:s3:::osamura-private-pragmatic-terraform-on-aws",
                            "bucket": "osamura-private-pragmatic-terraform-on-aws",
                            "bucket_domain_name": "osamura-private-pragmatic-terraform-on-aws.s3.amazonaws.com",
                            "bucket_regional_domain_name": "osamura-private-pragmatic-terraform-on-aws.s3.ap-northeast-1.amazonaws.com",
                            "cors_rule.#": "0",
                            "force_destroy": "false",
                            "hosted_zone_id": "Z2M4EHUR26P7ZW",
                            "id": "osamura-private-pragmatic-terraform-on-aws",
                            "lifecycle_rule.#": "0",
                            "logging.#": "0",
                            "object_lock_configuration.#": "0",
                            "region": "ap-northeast-1",
                            "replication_configuration.#": "0",
                            "request_payer": "BucketOwner",
                            "server_side_encryption_configuration.#": "1",
                            "server_side_encryption_configuration.0.rule.#": "1",
                            "server_side_encryption_configuration.0.rule.0.apply_server_side_encryption_by_default.#": "1",
                            "server_side_encryption_configuration.0.rule.0.apply_server_side_encryption_by_default.0.kms_master_key_id": "",
                            "server_side_encryption_configuration.0.rule.0.apply_server_side_encryption_by_default.0.sse_algorithm": "AES256",
                            "tags.%": "0",
                            "versioning.#": "1",
                            "versioning.0.enabled": "true",
                            "versioning.0.mfa_delete": "false",
                            "website.#": "0"
                        },
                        "meta": {},
                        "tainted": false
                    },
                    "deposed": [],
                    "provider": "provider.aws"
                },
                "aws_s3_bucket_policy.alb_log": {
                    "type": "aws_s3_bucket_policy",
                    "depends_on": [
                        "aws_s3_bucket.alb_log",
                        "data.aws_iam_policy_document.alb_log"
                    ],
                    "primary": {
                        "id": "osamura-alb-log-pragmatic-terraform-on-aws",
                        "attributes": {
                            "bucket": "osamura-alb-log-pragmatic-terraform-on-aws",
                            "id": "osamura-alb-log-pragmatic-terraform-on-aws",
                            "policy": "{\n  \"Version\": \"2012-10-17\",\n  \"Statement\": [\n    {\n      \"Sid\": \"\",\n      \"Effect\": \"Allow\",\n      \"Action\": \"s3:PutObject\",\n      \"Resource\": \"arn:aws:s3:::osamura-alb-log-pragmatic-terraform-on-aws/*\",\n      \"Principal\": {\n        \"AWS\": \"582318560864\"\n      }\n    }\n  ]\n}"
                        },
                        "meta": {},
                        "tainted": false
                    },
                    "deposed": [],
                    "provider": "provider.aws"
                },
                "aws_s3_bucket_public_access_block.private": {
                    "type": "aws_s3_bucket_public_access_block",
                    "depends_on": [
                        "aws_s3_bucket.private"
                    ],
                    "primary": {
                        "id": "osamura-private-pragmatic-terraform-on-aws",
                        "attributes": {
                            "block_public_acls": "true",
                            "block_public_policy": "true",
                            "bucket": "osamura-private-pragmatic-terraform-on-aws",
                            "id": "osamura-private-pragmatic-terraform-on-aws",
                            "ignore_public_acls": "true",
                            "restrict_public_buckets": "true"
                        },
                        "meta": {},
                        "tainted": false
                    },
                    "deposed": [],
                    "provider": "provider.aws"
                },
                "data.aws_iam_policy_document.alb_log": {
                    "type": "aws_iam_policy_document",
                    "depends_on": [
                        "aws_s3_bucket.alb_log"
                    ],
                    "primary": {
                        "id": "3374192744",
                        "attributes": {
                            "id": "3374192744",
                            "json": "{\n  \"Version\": \"2012-10-17\",\n  \"Statement\": [\n    {\n      \"Sid\": \"\",\n      \"Effect\": \"Allow\",\n      \"Action\": \"s3:PutObject\",\n      \"Resource\": \"arn:aws:s3:::osamura-alb-log-pragmatic-terraform-on-aws/*\",\n      \"Principal\": {\n        \"AWS\": \"582318560864\"\n      }\n    }\n  ]\n}",
                            "statement.#": "1",
                            "statement.0.actions.#": "1",
                            "statement.0.actions.315547055": "s3:PutObject",
                            "statement.0.condition.#": "0",
                            "statement.0.effect": "Allow",
                            "statement.0.not_actions.#": "0",
                            "statement.0.not_principals.#": "0",
                            "statement.0.not_resources.#": "0",
                            "statement.0.principals.#": "1",
                            "statement.0.principals.3824216802.identifiers.#": "1",
                            "statement.0.principals.3824216802.identifiers.229018247": "582318560864",
                            "statement.0.principals.3824216802.type": "AWS",
                            "statement.0.resources.#": "1",
                            "statement.0.resources.3556590097": "arn:aws:s3:::osamura-alb-log-pragmatic-terraform-on-aws/*",
                            "statement.0.sid": "",
                            "version": "2012-10-17"
                        },
                        "meta": {},
                        "tainted": false
                    },
                    "deposed": [],
                    "provider": "provider.aws"
                },
                "data.aws_iam_policy_document.allow_describle_regions": {
                    "type": "aws_iam_policy_document",
                    "depends_on": [],
                    "primary": {
                        "id": "398097266",
                        "attributes": {
                            "id": "398097266",
                            "json": "{\n  \"Version\": \"2012-10-17\",\n  \"Statement\": [\n    {\n      \"Sid\": \"\",\n      \"Effect\": \"Allow\",\n      \"Action\": \"ec2:DescribeRegions\",\n      \"Resource\": \"*\"\n    }\n  ]\n}",
                            "statement.#": "1",
                            "statement.0.actions.#": "1",
                            "statement.0.actions.3958039885": "ec2:DescribeRegions",
                            "statement.0.condition.#": "0",
                            "statement.0.effect": "Allow",
                            "statement.0.not_actions.#": "0",
                            "statement.0.not_principals.#": "0",
                            "statement.0.not_resources.#": "0",
                            "statement.0.principals.#": "0",
                            "statement.0.resources.#": "1",
                            "statement.0.resources.2679715827": "*",
                            "statement.0.sid": "",
                            "version": "2012-10-17"
                        },
                        "meta": {},
                        "tainted": false
                    },
                    "deposed": [],
                    "provider": "provider.aws"
                }
            },
            "depends_on": []
        },
        {
            "path": [
                "root",
                "describe_regions_for_ec2"
            ],
            "outputs": {
                "iam_role_arn": {
                    "sensitive": false,
                    "type": "string",
                    "value": "arn:aws:iam::717376919092:role/describe-regions-for-ec2"
                },
                "iam_role_name": {
                    "sensitive": false,
                    "type": "string",
                    "value": "describe-regions-for-ec2"
                }
            },
            "resources": {
                "aws_iam_policy.default": {
                    "type": "aws_iam_policy",
                    "depends_on": [],
                    "primary": {
                        "id": "arn:aws:iam::717376919092:policy/describe-regions-for-ec2",
                        "attributes": {
                            "arn": "arn:aws:iam::717376919092:policy/describe-regions-for-ec2",
                            "description": "",
                            "id": "arn:aws:iam::717376919092:policy/describe-regions-for-ec2",
                            "name": "describe-regions-for-ec2",
                            "path": "/",
                            "policy": "{\n  \"Version\": \"2012-10-17\",\n  \"Statement\": [\n    {\n      \"Sid\": \"\",\n      \"Effect\": \"Allow\",\n      \"Action\": \"ec2:DescribeRegions\",\n      \"Resource\": \"*\"\n    }\n  ]\n}"
                        },
                        "meta": {},
                        "tainted": false
                    },
                    "deposed": [],
                    "provider": "provider.aws"
                },
                "aws_iam_role.default": {
                    "type": "aws_iam_role",
                    "depends_on": [
                        "data.aws_iam_policy_document.assume_role"
                    ],
                    "primary": {
                        "id": "describe-regions-for-ec2",
                        "attributes": {
                            "arn": "arn:aws:iam::717376919092:role/describe-regions-for-ec2",
                            "assume_role_policy": "{\"Version\":\"2012-10-17\",\"Statement\":[{\"Sid\":\"\",\"Effect\":\"Allow\",\"Principal\":{\"Service\":\"ec2.amazonaws.com\"},\"Action\":\"sts:AssumeRole\"}]}",
                            "create_date": "2019-05-08T15:39:58Z",
                            "description": "",
                            "force_detach_policies": "false",
                            "id": "describe-regions-for-ec2",
                            "max_session_duration": "3600",
                            "name": "describe-regions-for-ec2",
                            "path": "/",
                            "tags.%": "0",
                            "unique_id": "AROA2OBX7CY2ERS2P3CY6"
                        },
                        "meta": {},
                        "tainted": false
                    },
                    "deposed": [],
                    "provider": "provider.aws"
                },
                "aws_iam_role_policy_attachment.default": {
                    "type": "aws_iam_role_policy_attachment",
                    "depends_on": [
                        "aws_iam_policy.default",
                        "aws_iam_role.default"
                    ],
                    "primary": {
                        "id": "describe-regions-for-ec2-20190508154001716000000002",
                        "attributes": {
                            "id": "describe-regions-for-ec2-20190508154001716000000002",
                            "policy_arn": "arn:aws:iam::717376919092:policy/describe-regions-for-ec2",
                            "role": "describe-regions-for-ec2"
                        },
                        "meta": {},
                        "tainted": false
                    },
                    "deposed": [],
                    "provider": "provider.aws"
                },
                "data.aws_iam_policy_document.assume_role": {
                    "type": "aws_iam_policy_document",
                    "depends_on": [],
                    "primary": {
                        "id": "1903849331",
                        "attributes": {
                            "id": "1903849331",
                            "json": "{\n  \"Version\": \"2012-10-17\",\n  \"Statement\": [\n    {\n      \"Sid\": \"\",\n      \"Effect\": \"Allow\",\n      \"Action\": \"sts:AssumeRole\",\n      \"Principal\": {\n        \"Service\": \"ec2.amazonaws.com\"\n      }\n    }\n  ]\n}",
                            "statement.#": "1",
                            "statement.0.actions.#": "1",
                            "statement.0.actions.2528466339": "sts:AssumeRole",
                            "statement.0.condition.#": "0",
                            "statement.0.effect": "Allow",
                            "statement.0.not_actions.#": "0",
                            "statement.0.not_principals.#": "0",
                            "statement.0.not_resources.#": "0",
                            "statement.0.principals.#": "1",
                            "statement.0.principals.1134724139.identifiers.#": "1",
                            "statement.0.principals.1134724139.identifiers.3655884555": "ec2.amazonaws.com",
                            "statement.0.principals.1134724139.type": "Service",
                            "statement.0.resources.#": "0",
                            "statement.0.sid": "",
                            "version": "2012-10-17"
                        },
                        "meta": {},
                        "tainted": false
                    },
                    "deposed": [],
                    "provider": "provider.aws"
                }
            },
            "depends_on": []
        },
        {
            "path": [
                "root",
                "dev_server"
            ],
            "outputs": {
                "public_dns": {
                    "sensitive": false,
                    "type": "string",
                    "value": "ec2-13-230-8-194.ap-northeast-1.compute.amazonaws.com"
                }
            },
            "resources": {
                "aws_instance.default": {
                    "type": "aws_instance",
                    "depends_on": [
                        "aws_security_group.default"
                    ],
                    "primary": {
                        "id": "i-0bd83044f0cef0008",
                        "attributes": {
                            "ami": "ami-0eb48a19a8d81e20b",
                            "arn": "arn:aws:ec2:ap-northeast-1:717376919092:instance/i-0bd83044f0cef0008",
                            "associate_public_ip_address": "true",
                            "availability_zone": "ap-northeast-1a",
                            "cpu_core_count": "1",
                            "cpu_threads_per_core": "1",
                            "credit_specification.#": "1",
                            "credit_specification.0.cpu_credits": "standard",
                            "disable_api_termination": "false",
                            "ebs_block_device.#": "0",
                            "ebs_optimized": "false",
                            "ephemeral_block_device.#": "0",
                            "get_password_data": "false",
                            "iam_instance_profile": "",
                            "id": "i-0bd83044f0cef0008",
                            "instance_state": "running",
                            "instance_type": "t2.micro",
                            "ipv6_address_count": "0",
                            "ipv6_addresses.#": "0",
                            "key_name": "",
                            "monitoring": "false",
                            "network_interface.#": "0",
                            "password_data": "",
                            "placement_group": "",
                            "primary_network_interface_id": "eni-0d12c78764f5a94d1",
                            "private_dns": "ip-172-31-18-157.ap-northeast-1.compute.internal",
                            "private_ip": "172.31.18.157",
                            "public_dns": "ec2-13-230-8-194.ap-northeast-1.compute.amazonaws.com",
                            "public_ip": "13.230.8.194",
                            "root_block_device.#": "1",
                            "root_block_device.0.delete_on_termination": "true",
                            "root_block_device.0.iops": "100",
                            "root_block_device.0.volume_id": "vol-074fd073faa65062b",
                            "root_block_device.0.volume_size": "8",
                            "root_block_device.0.volume_type": "gp2",
                            "security_groups.#": "1",
                            "security_groups.928692541": "ec2",
                            "source_dest_check": "true",
                            "subnet_id": "subnet-84c1baf2",
                            "tags.%": "0",
                            "tenancy": "default",
                            "user_data": "655c303ddd9e02635f849fe2993693f147f4baf1",
                            "volume_tags.%": "0",
                            "vpc_security_group_ids.#": "1",
                            "vpc_security_group_ids.1501763165": "sg-080af5f4388e8ecb0"
                        },
                        "meta": {
                            "e2bfb730-ecaa-11e6-8f88-34363bc7c4c0": {
                                "create": 600000000000,
                                "delete": 1200000000000,
                                "update": 600000000000
                            },
                            "schema_version": "1"
                        },
                        "tainted": false
                    },
                    "deposed": [],
                    "provider": "provider.aws"
                },
                "aws_security_group.default": {
                    "type": "aws_security_group",
                    "depends_on": [],
                    "primary": {
                        "id": "sg-080af5f4388e8ecb0",
                        "attributes": {
                            "arn": "arn:aws:ec2:ap-northeast-1:717376919092:security-group/sg-080af5f4388e8ecb0",
                            "description": "Managed by Terraform",
                            "egress.#": "1",
                            "egress.482069346.cidr_blocks.#": "1",
                            "egress.482069346.cidr_blocks.0": "0.0.0.0/0",
                            "egress.482069346.description": "",
                            "egress.482069346.from_port": "0",
                            "egress.482069346.ipv6_cidr_blocks.#": "0",
                            "egress.482069346.prefix_list_ids.#": "0",
                            "egress.482069346.protocol": "-1",
                            "egress.482069346.security_groups.#": "0",
                            "egress.482069346.self": "false",
                            "egress.482069346.to_port": "0",
                            "id": "sg-080af5f4388e8ecb0",
                            "ingress.#": "1",
                            "ingress.2214680975.cidr_blocks.#": "1",
                            "ingress.2214680975.cidr_blocks.0": "0.0.0.0/0",
                            "ingress.2214680975.description": "",
                            "ingress.2214680975.from_port": "80",
                            "ingress.2214680975.ipv6_cidr_blocks.#": "0",
                            "ingress.2214680975.prefix_list_ids.#": "0",
                            "ingress.2214680975.protocol": "tcp",
                            "ingress.2214680975.security_groups.#": "0",
                            "ingress.2214680975.self": "false",
                            "ingress.2214680975.to_port": "80",
                            "name": "ec2",
                            "owner_id": "717376919092",
                            "revoke_rules_on_delete": "false",
                            "tags.%": "0",
                            "vpc_id": "vpc-5ac8743e"
                        },
                        "meta": {
                            "e2bfb730-ecaa-11e6-8f88-34363bc7c4c0": {
                                "create": 600000000000,
                                "delete": 600000000000
                            },
                            "schema_version": "1"
                        },
                        "tainted": false
                    },
                    "deposed": [],
                    "provider": "provider.aws"
                }
            },
            "depends_on": []
        }
    ]
}
